
Microsoft Visual Studio Solution File, Format Version 12.00
# Visual Studio Version 17
VisualStudioVersion = 17.11.35118.90
MinimumVisualStudioVersion = 10.0.40219.1
Project("{FAE04EC0-301F-11D3-BF4B-00C04F79EFBC}") = "AncestorBindingSample", "AncestorBindingSample\AncestorBindingSample.csproj", "{78CC0737-0842-46EC-9CA9-5DB299FC346B}"
EndProject
Project("{2150E333-8FDC-42A3-9474-1A3956D46DE8}") = "Solution Items", "Solution Items", "{CEC5A35E-1A3E-4B92-AC4C-630DFAC36F3D}"
	ProjectSection(SolutionItems) = preProject
		.editorconfig = .editorconfig
		.gitignore = .gitignore
		Directory.Build.props = Directory.Build.props
		Directory.Build.targets = Directory.Build.targets
		Directory.Packages.props = Directory.Packages.props
		global.json = global.json
	EndProjectSection
EndProject
Global
	GlobalSection(SolutionConfigurationPlatforms) = preSolution
		Debug|Any CPU = Debug|Any CPU
		Release|Any CPU = Release|Any CPU
	EndGlobalSection
	GlobalSection(ProjectConfigurationPlatforms) = postSolution
		{78CC0737-0842-46EC-9CA9-5DB299FC346B}.Debug|Any CPU.ActiveCfg = Debug|Any CPU
		{78CC0737-0842-46EC-9CA9-5DB299FC346B}.Debug|Any CPU.Build.0 = Debug|Any CPU
		{78CC0737-0842-46EC-9CA9-5DB299FC346B}.Debug|Any CPU.Deploy.0 = Debug|Any CPU
		{78CC0737-0842-46EC-9CA9-5DB299FC346B}.Release|Any CPU.ActiveCfg = Release|Any CPU
		{78CC0737-0842-46EC-9CA9-5DB299FC346B}.Release|Any CPU.Build.0 = Release|Any CPU
		{78CC0737-0842-46EC-9CA9-5DB299FC346B}.Release|Any CPU.Deploy.0 = Release|Any CPU
	EndGlobalSection
	GlobalSection(SolutionProperties) = preSolution
		HideSolutionNode = FALSE
	EndGlobalSection
	GlobalSection(ExtensibilityGlobals) = postSolution
		SolutionGuid = {96B71F43-1A6B-48FA-A6FB-C795F3553EB2}
	EndGlobalSection
EndGlobal
